
Microsoft Visual Studio Solution File, Format Version 12.00
# Visual Studio Version 17
VisualStudioVersion = 17.12.35521.163 d17.12
MinimumVisualStudioVersion = 10.0.40219.1
Project("{FAE04EC0-301F-11D3-BF4B-00C04F79EFBC}") = "ToyStore.Domain", "ToyStore.Domain\ToyStore.Domain.csproj", "{A7C1212B-1639-41C3-90C9-FB4A7592ED11}"
EndProject
Project("{FAE04EC0-301F-11D3-BF4B-00C04F79EFBC}") = "ToyStore.Application", "ToyStore.Application\ToyStore.Application.csproj", "{EFEC798A-3737-4FA9-93EB-402E1A3D8A50}"
EndProject
Project("{FAE04EC0-301F-11D3-BF4B-00C04F79EFBC}") = "ToyStore.Infrastructure", "ToyStore.Infrastructure\ToyStore.Infrastructure.csproj", "{0F5CC910-2B32-4EE2-A4FA-BC1B6F37467A}"
EndProject
Project("{FAE04EC0-301F-11D3-BF4B-00C04F79EFBC}") = "ToyStore.API", "ToyStore.API\ToyStore.API.csproj", "{B0645B63-F484-4D27-9460-A42346B4D3D9}"
EndProject
Global
	GlobalSection(SolutionConfigurationPlatforms) = preSolution
		Debug|Any CPU = Debug|Any CPU
		Release|Any CPU = Release|Any CPU
	EndGlobalSection
	GlobalSection(ProjectConfigurationPlatforms) = postSolution
		{A7C1212B-1639-41C3-90C9-FB4A7592ED11}.Debug|Any CPU.ActiveCfg = Debug|Any CPU
		{A7C1212B-1639-41C3-90C9-FB4A7592ED11}.Debug|Any CPU.Build.0 = Debug|Any CPU
		{A7C1212B-1639-41C3-90C9-FB4A7592ED11}.Release|Any CPU.ActiveCfg = Release|Any CPU
		{A7C1212B-1639-41C3-90C9-FB4A7592ED11}.Release|Any CPU.Build.0 = Release|Any CPU
		{EFEC798A-3737-4FA9-93EB-402E1A3D8A50}.Debug|Any CPU.ActiveCfg = Debug|Any CPU
		{EFEC798A-3737-4FA9-93EB-402E1A3D8A50}.Debug|Any CPU.Build.0 = Debug|Any CPU
		{EFEC798A-3737-4FA9-93EB-402E1A3D8A50}.Release|Any CPU.ActiveCfg = Release|Any CPU
		{EFEC798A-3737-4FA9-93EB-402E1A3D8A50}.Release|Any CPU.Build.0 = Release|Any CPU
		{0F5CC910-2B32-4EE2-A4FA-BC1B6F37467A}.Debug|Any CPU.ActiveCfg = Debug|Any CPU
		{0F5CC910-2B32-4EE2-A4FA-BC1B6F37467A}.Debug|Any CPU.Build.0 = Debug|Any CPU
		{0F5CC910-2B32-4EE2-A4FA-BC1B6F37467A}.Release|Any CPU.ActiveCfg = Release|Any CPU
		{0F5CC910-2B32-4EE2-A4FA-BC1B6F37467A}.Release|Any CPU.Build.0 = Release|Any CPU
		{B0645B63-F484-4D27-9460-A42346B4D3D9}.Debug|Any CPU.ActiveCfg = Debug|Any CPU
		{B0645B63-F484-4D27-9460-A42346B4D3D9}.Debug|Any CPU.Build.0 = Debug|Any CPU
		{B0645B63-F484-4D27-9460-A42346B4D3D9}.Release|Any CPU.ActiveCfg = Release|Any CPU
		{B0645B63-F484-4D27-9460-A42346B4D3D9}.Release|Any CPU.Build.0 = Release|Any CPU
	EndGlobalSection
	GlobalSection(SolutionProperties) = preSolution
		HideSolutionNode = FALSE
	EndGlobalSection
EndGlobal
